
Microsoft Visual Studio Solution File, Format Version 12.00
# Visual Studio Version 17
VisualStudioVersion = 17.11.35312.102
MinimumVisualStudioVersion = 10.0.40219.1
Project("{8BC9CEB8-8B4A-11D0-8D11-00A0C91BC942}") = "LeetcodeCPlusPlus", "LeetcodeCPlusPlus\LeetcodeCPlusPlus.vcxproj", "{556D278E-69E2-4987-BD8F-669C219AB001}"
EndProject
Global
	GlobalSection(SolutionConfigurationPlatforms) = preSolution
		Debug|x64 = Debug|x64
		Debug|x86 = Debug|x86
		Release|x64 = Release|x64
		Release|x86 = Release|x86
	EndGlobalSection
	GlobalSection(ProjectConfigurationPlatforms) = postSolution
		{556D278E-69E2-4987-BD8F-669C219AB001}.Debug|x64.ActiveCfg = Debug|x64
		{556D278E-69E2-4987-BD8F-669C219AB001}.Debug|x64.Build.0 = Debug|x64
		{556D278E-69E2-4987-BD8F-669C219AB001}.Debug|x86.ActiveCfg = Debug|Win32
		{556D278E-69E2-4987-BD8F-669C219AB001}.Debug|x86.Build.0 = Debug|Win32
		{556D278E-69E2-4987-BD8F-669C219AB001}.Release|x64.ActiveCfg = Release|x64
		{556D278E-69E2-4987-BD8F-669C219AB001}.Release|x64.Build.0 = Release|x64
		{556D278E-69E2-4987-BD8F-669C219AB001}.Release|x86.ActiveCfg = Release|Win32
		{556D278E-69E2-4987-BD8F-669C219AB001}.Release|x86.Build.0 = Release|Win32
	EndGlobalSection
	GlobalSection(SolutionProperties) = preSolution
		HideSolutionNode = FALSE
	EndGlobalSection
	GlobalSection(ExtensibilityGlobals) = postSolution
		SolutionGuid = {F57BF3D7-903B-482F-93B6-E7BBA9FF9880}
	EndGlobalSection
EndGlobal
