<?xml version="1.0" encoding="utf-8"?>
<Project ToolsVersion="4.0" xmlns="http://schemas.microsoft.com/developer/msbuild/2003">
  <ItemGroup>
    <Filter Include="Source Files">
      <UniqueIdentifier>{4FC737F1-C7A5-4376-A066-2A32D752A2FF}</UniqueIdentifier>
      <Extensions>cpp;c;cc;cxx;c++;cppm;ixx;def;odl;idl;hpj;bat;asm;asmx</Extensions>
    </Filter>
    <Filter Include="Header Files">
      <UniqueIdentifier>{93995380-89BD-4b04-88EB-625FBE52EBFB}</UniqueIdentifier>
      <Extensions>h;hh;hpp;hxx;h++;hm;inl;inc;ipp;xsd</Extensions>
    </Filter>
    <Filter Include="Resource Files">
      <UniqueIdentifier>{67DA6AB6-F800-4c08-8B7A-83BB121AAD01}</UniqueIdentifier>
      <Extensions>rc;ico;cur;bmp;dlg;rc2;rct;bin;rgs;gif;jpg;jpeg;jpe;resx;tiff;tif;png;wav;mfcribbon-ms</Extensions>
    </Filter>
    <Filter Include="Source Files\Problems">
      <UniqueIdentifier>{968c8467-7894-4b01-99ff-4fe83ee640bb}</UniqueIdentifier>
    </Filter>
    <Filter Include="Source Files\Tools">
      <UniqueIdentifier>{96857d89-990f-403f-9788-0a46150eef46}</UniqueIdentifier>
    </Filter>
    <Filter Include="Header Files\Tools">
      <UniqueIdentifier>{512d6deb-3d8f-4fdb-98d9-e816747f8258}</UniqueIdentifier>
    </Filter>
    <Filter Include="Header Files\Problems">
      <UniqueIdentifier>{ac7dfa8d-dc6f-4ecb-92d8-008439b9b710}</UniqueIdentifier>
    </Filter>
    <Filter Include="Header Files\BaseClasses">
      <UniqueIdentifier>{9d6eaa81-eb33-412f-8513-37e03480bbdf}</UniqueIdentifier>
    </Filter>
    <Filter Include="Source Files\BaseClasses">
      <UniqueIdentifier>{e94e3068-41ff-40c6-888e-e7433d65e4a5}</UniqueIdentifier>
    </Filter>
  </ItemGroup>
  <ItemGroup>
    <ClCompile Include="main.cpp">
      <Filter>Source Files</Filter>
    </ClCompile>
    <ClCompile Include="Fibonacci Number.cpp">
      <Filter>Source Files\Problems</Filter>
    </ClCompile>
    <ClCompile Include="Printer.cpp">
      <Filter>Source Files\Tools</Filter>
    </ClCompile>
    <ClCompile Include="Image Smoother.h">
      <Filter>Header Files\Problems</Filter>
    </ClCompile>
    <ClCompile Include="Node.cpp">
      <Filter>Source Files\BaseClasses</Filter>
    </ClCompile>
    <ClCompile Include="TreeNode.cpp">
      <Filter>Source Files\BaseClasses</Filter>
    </ClCompile>
    <ClCompile Include="Longest Strictly Increasing or Strictly Decreasing Subarray.h">
      <Filter>Header Files\Problems</Filter>
    </ClCompile>
  </ItemGroup>
  <ItemGroup>
    <ClInclude Include="Fibonacci Number.h">
      <Filter>Header Files\Problems</Filter>
    </ClInclude>
    <ClInclude Include="Printer.h">
      <Filter>Header Files\Tools</Filter>
    </ClInclude>
    <ClInclude Include="Maximum Depth of N-ary Tree.h">
      <Filter>Header Files\Problems</Filter>
    </ClInclude>
    <ClInclude Include="TreeNode.h">
      <Filter>Header Files\BaseClasses</Filter>
    </ClInclude>
    <ClInclude Include="Node.h">
      <Filter>Header Files\BaseClasses</Filter>
    </ClInclude>
    <ClInclude Include="Two Sum IV - Input is a BST.h">
      <Filter>Header Files\Problems</Filter>
    </ClInclude>
  </ItemGroup>
</Project>